{
  "nodes": {
    "nixpkgs": {
      "locked": {
        "lastModified": 1751047879,
        "narHash": "sha256-2IzRZsACa4ZdRYbam6ePDjwvBrnP+81c5DDBTfd2FlU=",
        "owner": "nixos",
        "repo": "nixpkgs",
        "rev": "5e217481af4048e8053a70a52484461cd835673e",
        "type": "github"
      },
      "original": {
        "owner": "nixos",
        "repo": "nixpkgs",
        "type": "github"
      }
    },
    "root": {
      "inputs": {
        "nixpkgs": "nixpkgs"
      }
    }
  },
  "root": "root",
  "version": 7
}
